
Microsoft Visual Studio Solution File, Format Version 12.00
# Visual Studio Version 17
VisualStudioVersion = 17.0.32112.339
MinimumVisualStudioVersion = 10.0.40219.1
Project("{FAE04EC0-301F-11D3-BF4B-00C04F79EFBC}") = "StartGame", "StartGame\StartGame.csproj", "{BA10BB58-4958-44E7-96C7-8AC53C0AE95E}"
EndProject
Global
	GlobalSection(SolutionConfigurationPlatforms) = preSolution
		Debug|Any CPU = Debug|Any CPU
		Release|Any CPU = Release|Any CPU
	EndGlobalSection
	GlobalSection(ProjectConfigurationPlatforms) = postSolution
		{BA10BB58-4958-44E7-96C7-8AC53C0AE95E}.Debug|Any CPU.ActiveCfg = Debug|Any CPU
		{BA10BB58-4958-44E7-96C7-8AC53C0AE95E}.Debug|Any CPU.Build.0 = Debug|Any CPU
		{BA10BB58-4958-44E7-96C7-8AC53C0AE95E}.Release|Any CPU.ActiveCfg = Release|Any CPU
		{BA10BB58-4958-44E7-96C7-8AC53C0AE95E}.Release|Any CPU.Build.0 = Release|Any CPU
	EndGlobalSection
	GlobalSection(SolutionProperties) = preSolution
		HideSolutionNode = FALSE
	EndGlobalSection
	GlobalSection(ExtensibilityGlobals) = postSolution
		SolutionGuid = {3FEE40F6-5235-4F97-9CED-FDF8574F9D43}
	EndGlobalSection
EndGlobal
